
Microsoft Visual Studio Solution File, Format Version 12.00
# Visual Studio Version 17
VisualStudioVersion = 17.3.32929.385
MinimumVisualStudioVersion = 10.0.40219.1
Project("{FAE04EC0-301F-11D3-BF4B-00C04F79EFBC}") = "ConsoleGame", "ConsoleGame\ConsoleGame.csproj", "{89805CD1-A937-476F-9606-2BBA1F471AF3}"
EndProject
Global
	GlobalSection(SolutionConfigurationPlatforms) = preSolution
		Debug|Any CPU = Debug|Any CPU
		Release|Any CPU = Release|Any CPU
	EndGlobalSection
	GlobalSection(ProjectConfigurationPlatforms) = postSolution
		{89805CD1-A937-476F-9606-2BBA1F471AF3}.Debug|Any CPU.ActiveCfg = Debug|Any CPU
		{89805CD1-A937-476F-9606-2BBA1F471AF3}.Debug|Any CPU.Build.0 = Debug|Any CPU
		{89805CD1-A937-476F-9606-2BBA1F471AF3}.Release|Any CPU.ActiveCfg = Release|Any CPU
		{89805CD1-A937-476F-9606-2BBA1F471AF3}.Release|Any CPU.Build.0 = Release|Any CPU
	EndGlobalSection
	GlobalSection(SolutionProperties) = preSolution
		HideSolutionNode = FALSE
	EndGlobalSection
	GlobalSection(ExtensibilityGlobals) = postSolution
		SolutionGuid = {46F535EF-9D14-4737-AB61-5BBAFEE4DEFE}
	EndGlobalSection
EndGlobal
